
Microsoft Visual Studio Solution File, Format Version 12.00
# Visual Studio Version 16
VisualStudioVersion = 16.0.31729.503
MinimumVisualStudioVersion = 10.0.40219.1
Project("{9A19103F-16F7-4668-BE54-9A1E7A4F7556}") = "ToDoApplication.Domain", "ToDoApplication.Domain\ToDoApplication.Domain.csproj", "{A8D83B84-7469-4429-9C15-39046901802F}"
EndProject
Project("{9A19103F-16F7-4668-BE54-9A1E7A4F7556}") = "ToDoApplication.Data", "ToDoApplication.Data\ToDoApplication.Data.csproj", "{3D409BBE-55A5-4B5F-A50E-E8A7B85D41F9}"
EndProject
Project("{9A19103F-16F7-4668-BE54-9A1E7A4F7556}") = "ToDoApplication.UI", "ToDoApplication.UI\ToDoApplication.UI.csproj", "{047FB463-35C7-4D9C-BCA3-8177AF1746B0}"
EndProject
Project("{FAE04EC0-301F-11D3-BF4B-00C04F79EFBC}") = "ToDoApplication.Services", "ToDoApplication.Services\ToDoApplication.Services.csproj", "{E35AED53-FD1A-491B-9C9D-DE8FE1AD9774}"
EndProject
Global
	GlobalSection(SolutionConfigurationPlatforms) = preSolution
		Debug|Any CPU = Debug|Any CPU
		Release|Any CPU = Release|Any CPU
	EndGlobalSection
	GlobalSection(ProjectConfigurationPlatforms) = postSolution
		{A8D83B84-7469-4429-9C15-39046901802F}.Debug|Any CPU.ActiveCfg = Debug|Any CPU
		{A8D83B84-7469-4429-9C15-39046901802F}.Debug|Any CPU.Build.0 = Debug|Any CPU
		{A8D83B84-7469-4429-9C15-39046901802F}.Release|Any CPU.ActiveCfg = Release|Any CPU
		{A8D83B84-7469-4429-9C15-39046901802F}.Release|Any CPU.Build.0 = Release|Any CPU
		{3D409BBE-55A5-4B5F-A50E-E8A7B85D41F9}.Debug|Any CPU.ActiveCfg = Debug|Any CPU
		{3D409BBE-55A5-4B5F-A50E-E8A7B85D41F9}.Debug|Any CPU.Build.0 = Debug|Any CPU
		{3D409BBE-55A5-4B5F-A50E-E8A7B85D41F9}.Release|Any CPU.ActiveCfg = Release|Any CPU
		{3D409BBE-55A5-4B5F-A50E-E8A7B85D41F9}.Release|Any CPU.Build.0 = Release|Any CPU
		{047FB463-35C7-4D9C-BCA3-8177AF1746B0}.Debug|Any CPU.ActiveCfg = Debug|Any CPU
		{047FB463-35C7-4D9C-BCA3-8177AF1746B0}.Debug|Any CPU.Build.0 = Debug|Any CPU
		{047FB463-35C7-4D9C-BCA3-8177AF1746B0}.Release|Any CPU.ActiveCfg = Release|Any CPU
		{047FB463-35C7-4D9C-BCA3-8177AF1746B0}.Release|Any CPU.Build.0 = Release|Any CPU
		{E35AED53-FD1A-491B-9C9D-DE8FE1AD9774}.Debug|Any CPU.ActiveCfg = Debug|Any CPU
		{E35AED53-FD1A-491B-9C9D-DE8FE1AD9774}.Debug|Any CPU.Build.0 = Debug|Any CPU
		{E35AED53-FD1A-491B-9C9D-DE8FE1AD9774}.Release|Any CPU.ActiveCfg = Release|Any CPU
		{E35AED53-FD1A-491B-9C9D-DE8FE1AD9774}.Release|Any CPU.Build.0 = Release|Any CPU
	EndGlobalSection
	GlobalSection(SolutionProperties) = preSolution
		HideSolutionNode = FALSE
	EndGlobalSection
	GlobalSection(ExtensibilityGlobals) = postSolution
		SolutionGuid = {D9462C56-8F43-4FEB-9DD8-9E643EA2140F}
	EndGlobalSection
EndGlobal
